
Microsoft Visual Studio Solution File, Format Version 12.00
# Visual Studio Version 16
VisualStudioVersion = 16.0.29911.84
MinimumVisualStudioVersion = 10.0.40219.1
Project("{9A19103F-16F7-4668-BE54-9A1E7A4F7556}") = "Task-IP-Magix", "Task-IP-Magix\Task-IP-Magix.csproj", "{F1A606B0-1E0C-4CCB-B641-66D10D307F08}"
EndProject
Project("{9A19103F-16F7-4668-BE54-9A1E7A4F7556}") = "Infrastructure", "Infrastructure\Infrastructure.csproj", "{E4BFF4D4-43E3-4D6F-A0E8-3B22882D1DCA}"
EndProject
Project("{9A19103F-16F7-4668-BE54-9A1E7A4F7556}") = "Shared", "Shared\Shared.csproj", "{F003BCD3-D79F-423F-BAD7-53B509E3681A}"
EndProject
Project("{9A19103F-16F7-4668-BE54-9A1E7A4F7556}") = "ServiceLayer", "ServiceLayer\ServiceLayer.csproj", "{2BEA4222-9B90-4C4B-B2AA-E2D85E86053E}"
EndProject
Global
	GlobalSection(SolutionConfigurationPlatforms) = preSolution
		Debug|Any CPU = Debug|Any CPU
		Release|Any CPU = Release|Any CPU
	EndGlobalSection
	GlobalSection(ProjectConfigurationPlatforms) = postSolution
		{F1A606B0-1E0C-4CCB-B641-66D10D307F08}.Debug|Any CPU.ActiveCfg = Debug|Any CPU
		{F1A606B0-1E0C-4CCB-B641-66D10D307F08}.Debug|Any CPU.Build.0 = Debug|Any CPU
		{F1A606B0-1E0C-4CCB-B641-66D10D307F08}.Release|Any CPU.ActiveCfg = Release|Any CPU
		{F1A606B0-1E0C-4CCB-B641-66D10D307F08}.Release|Any CPU.Build.0 = Release|Any CPU
		{E4BFF4D4-43E3-4D6F-A0E8-3B22882D1DCA}.Debug|Any CPU.ActiveCfg = Debug|Any CPU
		{E4BFF4D4-43E3-4D6F-A0E8-3B22882D1DCA}.Debug|Any CPU.Build.0 = Debug|Any CPU
		{E4BFF4D4-43E3-4D6F-A0E8-3B22882D1DCA}.Release|Any CPU.ActiveCfg = Release|Any CPU
		{E4BFF4D4-43E3-4D6F-A0E8-3B22882D1DCA}.Release|Any CPU.Build.0 = Release|Any CPU
		{F003BCD3-D79F-423F-BAD7-53B509E3681A}.Debug|Any CPU.ActiveCfg = Debug|Any CPU
		{F003BCD3-D79F-423F-BAD7-53B509E3681A}.Debug|Any CPU.Build.0 = Debug|Any CPU
		{F003BCD3-D79F-423F-BAD7-53B509E3681A}.Release|Any CPU.ActiveCfg = Release|Any CPU
		{F003BCD3-D79F-423F-BAD7-53B509E3681A}.Release|Any CPU.Build.0 = Release|Any CPU
		{2BEA4222-9B90-4C4B-B2AA-E2D85E86053E}.Debug|Any CPU.ActiveCfg = Debug|Any CPU
		{2BEA4222-9B90-4C4B-B2AA-E2D85E86053E}.Debug|Any CPU.Build.0 = Debug|Any CPU
		{2BEA4222-9B90-4C4B-B2AA-E2D85E86053E}.Release|Any CPU.ActiveCfg = Release|Any CPU
		{2BEA4222-9B90-4C4B-B2AA-E2D85E86053E}.Release|Any CPU.Build.0 = Release|Any CPU
	EndGlobalSection
	GlobalSection(SolutionProperties) = preSolution
		HideSolutionNode = FALSE
	EndGlobalSection
	GlobalSection(ExtensibilityGlobals) = postSolution
		SolutionGuid = {DB1F1AB1-2CD6-4180-8065-9FD0486F9129}
	EndGlobalSection
EndGlobal
